
Microsoft Visual Studio Solution File, Format Version 12.00
# Visual Studio Version 16
VisualStudioVersion = 16.0.31424.327
MinimumVisualStudioVersion = 10.0.40219.1
Project("{8BC9CEB8-8B4A-11D0-8D11-00A0C91BC942}") = "HelloWorld", "HelloWorld\HelloWorld.vcxproj", "{6E87920C-7691-470A-8F14-7035054D1AFA}"
EndProject
Project("{8BC9CEB8-8B4A-11D0-8D11-00A0C91BC942}") = "TypeofVariale and Declare", "TypeofVariale and Declare\TypeofVariale and Declare.vcxproj", "{2B3BF7BE-7FDE-44A4-962B-15C401D0DE42}"
EndProject
Project("{8BC9CEB8-8B4A-11D0-8D11-00A0C91BC942}") = "Baitap01", "Baitap01\Baitap01.vcxproj", "{41A67072-AFC6-46D9-9013-8517B5DDC5FE}"
EndProject
Project("{8BC9CEB8-8B4A-11D0-8D11-00A0C91BC942}") = "Baitap02", "Baitap02\Baitap02.vcxproj", "{77FDD81C-BB85-4D66-A269-4E8CC1F59115}"
EndProject
Project("{8BC9CEB8-8B4A-11D0-8D11-00A0C91BC942}") = "Baitap04", "Baitap04\Baitap04.vcxproj", "{DF52AA90-F850-4250-AE45-D65B46C93C0D}"
EndProject
Project("{8BC9CEB8-8B4A-11D0-8D11-00A0C91BC942}") = "ASCII", "ASCII\ASCII.vcxproj", "{82F7F8F9-D2A1-4BAB-80B1-CF3325875AB2}"
EndProject
Project("{8BC9CEB8-8B4A-11D0-8D11-00A0C91BC942}") = "Baitap05", "Baitap05\Baitap05.vcxproj", "{68F3B940-F65F-4FCD-9E67-96F949DF6DFD}"
EndProject
Project("{8BC9CEB8-8B4A-11D0-8D11-00A0C91BC942}") = "Baitap03", "Baitap03\Baitap3.vcxproj", "{F9F053F6-6867-4B42-B8CB-01EC33028605}"
EndProject
Project("{8BC9CEB8-8B4A-11D0-8D11-00A0C91BC942}") = "Constant", "..\Constant\Constant.vcxproj", "{C6A24349-B641-4F4F-BC92-2E87988A0B49}"
EndProject
Global
	GlobalSection(SolutionConfigurationPlatforms) = preSolution
		Debug|x64 = Debug|x64
		Debug|x86 = Debug|x86
		Release|x64 = Release|x64
		Release|x86 = Release|x86
	EndGlobalSection
	GlobalSection(ProjectConfigurationPlatforms) = postSolution
		{6E87920C-7691-470A-8F14-7035054D1AFA}.Debug|x64.ActiveCfg = Debug|x64
		{6E87920C-7691-470A-8F14-7035054D1AFA}.Debug|x64.Build.0 = Debug|x64
		{6E87920C-7691-470A-8F14-7035054D1AFA}.Debug|x86.ActiveCfg = Debug|Win32
		{6E87920C-7691-470A-8F14-7035054D1AFA}.Debug|x86.Build.0 = Debug|Win32
		{6E87920C-7691-470A-8F14-7035054D1AFA}.Release|x64.ActiveCfg = Release|x64
		{6E87920C-7691-470A-8F14-7035054D1AFA}.Release|x64.Build.0 = Release|x64
		{6E87920C-7691-470A-8F14-7035054D1AFA}.Release|x86.ActiveCfg = Release|Win32
		{6E87920C-7691-470A-8F14-7035054D1AFA}.Release|x86.Build.0 = Release|Win32
		{2B3BF7BE-7FDE-44A4-962B-15C401D0DE42}.Debug|x64.ActiveCfg = Debug|x64
		{2B3BF7BE-7FDE-44A4-962B-15C401D0DE42}.Debug|x64.Build.0 = Debug|x64
		{2B3BF7BE-7FDE-44A4-962B-15C401D0DE42}.Debug|x86.ActiveCfg = Debug|Win32
		{2B3BF7BE-7FDE-44A4-962B-15C401D0DE42}.Debug|x86.Build.0 = Debug|Win32
		{2B3BF7BE-7FDE-44A4-962B-15C401D0DE42}.Release|x64.ActiveCfg = Release|x64
		{2B3BF7BE-7FDE-44A4-962B-15C401D0DE42}.Release|x64.Build.0 = Release|x64
		{2B3BF7BE-7FDE-44A4-962B-15C401D0DE42}.Release|x86.ActiveCfg = Release|Win32
		{2B3BF7BE-7FDE-44A4-962B-15C401D0DE42}.Release|x86.Build.0 = Release|Win32
		{41A67072-AFC6-46D9-9013-8517B5DDC5FE}.Debug|x64.ActiveCfg = Debug|x64
		{41A67072-AFC6-46D9-9013-8517B5DDC5FE}.Debug|x64.Build.0 = Debug|x64
		{41A67072-AFC6-46D9-9013-8517B5DDC5FE}.Debug|x86.ActiveCfg = Debug|Win32
		{41A67072-AFC6-46D9-9013-8517B5DDC5FE}.Debug|x86.Build.0 = Debug|Win32
		{41A67072-AFC6-46D9-9013-8517B5DDC5FE}.Release|x64.ActiveCfg = Release|x64
		{41A67072-AFC6-46D9-9013-8517B5DDC5FE}.Release|x64.Build.0 = Release|x64
		{41A67072-AFC6-46D9-9013-8517B5DDC5FE}.Release|x86.ActiveCfg = Release|Win32
		{41A67072-AFC6-46D9-9013-8517B5DDC5FE}.Release|x86.Build.0 = Release|Win32
		{77FDD81C-BB85-4D66-A269-4E8CC1F59115}.Debug|x64.ActiveCfg = Debug|x64
		{77FDD81C-BB85-4D66-A269-4E8CC1F59115}.Debug|x64.Build.0 = Debug|x64
		{77FDD81C-BB85-4D66-A269-4E8CC1F59115}.Debug|x86.ActiveCfg = Debug|Win32
		{77FDD81C-BB85-4D66-A269-4E8CC1F59115}.Debug|x86.Build.0 = Debug|Win32
		{77FDD81C-BB85-4D66-A269-4E8CC1F59115}.Release|x64.ActiveCfg = Release|x64
		{77FDD81C-BB85-4D66-A269-4E8CC1F59115}.Release|x64.Build.0 = Release|x64
		{77FDD81C-BB85-4D66-A269-4E8CC1F59115}.Release|x86.ActiveCfg = Release|Win32
		{77FDD81C-BB85-4D66-A269-4E8CC1F59115}.Release|x86.Build.0 = Release|Win32
		{DF52AA90-F850-4250-AE45-D65B46C93C0D}.Debug|x64.ActiveCfg = Debug|x64
		{DF52AA90-F850-4250-AE45-D65B46C93C0D}.Debug|x64.Build.0 = Debug|x64
		{DF52AA90-F850-4250-AE45-D65B46C93C0D}.Debug|x86.ActiveCfg = Debug|Win32
		{DF52AA90-F850-4250-AE45-D65B46C93C0D}.Debug|x86.Build.0 = Debug|Win32
		{DF52AA90-F850-4250-AE45-D65B46C93C0D}.Release|x64.ActiveCfg = Release|x64
		{DF52AA90-F850-4250-AE45-D65B46C93C0D}.Release|x64.Build.0 = Release|x64
		{DF52AA90-F850-4250-AE45-D65B46C93C0D}.Release|x86.ActiveCfg = Release|Win32
		{DF52AA90-F850-4250-AE45-D65B46C93C0D}.Release|x86.Build.0 = Release|Win32
		{82F7F8F9-D2A1-4BAB-80B1-CF3325875AB2}.Debug|x64.ActiveCfg = Debug|x64
		{82F7F8F9-D2A1-4BAB-80B1-CF3325875AB2}.Debug|x64.Build.0 = Debug|x64
		{82F7F8F9-D2A1-4BAB-80B1-CF3325875AB2}.Debug|x86.ActiveCfg = Debug|Win32
		{82F7F8F9-D2A1-4BAB-80B1-CF3325875AB2}.Debug|x86.Build.0 = Debug|Win32
		{82F7F8F9-D2A1-4BAB-80B1-CF3325875AB2}.Release|x64.ActiveCfg = Release|x64
		{82F7F8F9-D2A1-4BAB-80B1-CF3325875AB2}.Release|x64.Build.0 = Release|x64
		{82F7F8F9-D2A1-4BAB-80B1-CF3325875AB2}.Release|x86.ActiveCfg = Release|Win32
		{82F7F8F9-D2A1-4BAB-80B1-CF3325875AB2}.Release|x86.Build.0 = Release|Win32
		{68F3B940-F65F-4FCD-9E67-96F949DF6DFD}.Debug|x64.ActiveCfg = Debug|x64
		{68F3B940-F65F-4FCD-9E67-96F949DF6DFD}.Debug|x64.Build.0 = Debug|x64
		{68F3B940-F65F-4FCD-9E67-96F949DF6DFD}.Debug|x86.ActiveCfg = Debug|Win32
		{68F3B940-F65F-4FCD-9E67-96F949DF6DFD}.Debug|x86.Build.0 = Debug|Win32
		{68F3B940-F65F-4FCD-9E67-96F949DF6DFD}.Release|x64.ActiveCfg = Release|x64
		{68F3B940-F65F-4FCD-9E67-96F949DF6DFD}.Release|x64.Build.0 = Release|x64
		{68F3B940-F65F-4FCD-9E67-96F949DF6DFD}.Release|x86.ActiveCfg = Release|Win32
		{68F3B940-F65F-4FCD-9E67-96F949DF6DFD}.Release|x86.Build.0 = Release|Win32
		{F9F053F6-6867-4B42-B8CB-01EC33028605}.Debug|x64.ActiveCfg = Debug|x64
		{F9F053F6-6867-4B42-B8CB-01EC33028605}.Debug|x64.Build.0 = Debug|x64
		{F9F053F6-6867-4B42-B8CB-01EC33028605}.Debug|x86.ActiveCfg = Debug|Win32
		{F9F053F6-6867-4B42-B8CB-01EC33028605}.Debug|x86.Build.0 = Debug|Win32
		{F9F053F6-6867-4B42-B8CB-01EC33028605}.Release|x64.ActiveCfg = Release|x64
		{F9F053F6-6867-4B42-B8CB-01EC33028605}.Release|x64.Build.0 = Release|x64
		{F9F053F6-6867-4B42-B8CB-01EC33028605}.Release|x86.ActiveCfg = Release|Win32
		{F9F053F6-6867-4B42-B8CB-01EC33028605}.Release|x86.Build.0 = Release|Win32
		{C6A24349-B641-4F4F-BC92-2E87988A0B49}.Debug|x64.ActiveCfg = Debug|x64
		{C6A24349-B641-4F4F-BC92-2E87988A0B49}.Debug|x64.Build.0 = Debug|x64
		{C6A24349-B641-4F4F-BC92-2E87988A0B49}.Debug|x86.ActiveCfg = Debug|Win32
		{C6A24349-B641-4F4F-BC92-2E87988A0B49}.Debug|x86.Build.0 = Debug|Win32
		{C6A24349-B641-4F4F-BC92-2E87988A0B49}.Release|x64.ActiveCfg = Release|x64
		{C6A24349-B641-4F4F-BC92-2E87988A0B49}.Release|x64.Build.0 = Release|x64
		{C6A24349-B641-4F4F-BC92-2E87988A0B49}.Release|x86.ActiveCfg = Release|Win32
		{C6A24349-B641-4F4F-BC92-2E87988A0B49}.Release|x86.Build.0 = Release|Win32
	EndGlobalSection
	GlobalSection(SolutionProperties) = preSolution
		HideSolutionNode = FALSE
	EndGlobalSection
	GlobalSection(ExtensibilityGlobals) = postSolution
		SolutionGuid = {CB931CB0-9792-4D07-8F1C-48354AFF32F7}
	EndGlobalSection
EndGlobal
